
Microsoft Visual Studio Solution File, Format Version 12.00
# Visual Studio Version 16
VisualStudioVersion = 16.0.29326.143
MinimumVisualStudioVersion = 10.0.40219.1
Project("{FAE04EC0-301F-11D3-BF4B-00C04F79EFBC}") = "NorthwindDB2", "NorthwindDB2\NorthwindDB2.csproj", "{7CE361C6-7B00-449D-AEB1-A17392279F2E}"
EndProject
Global
	GlobalSection(SolutionConfigurationPlatforms) = preSolution
		Debug|Any CPU = Debug|Any CPU
		Release|Any CPU = Release|Any CPU
	EndGlobalSection
	GlobalSection(ProjectConfigurationPlatforms) = postSolution
		{7CE361C6-7B00-449D-AEB1-A17392279F2E}.Debug|Any CPU.ActiveCfg = Debug|Any CPU
		{7CE361C6-7B00-449D-AEB1-A17392279F2E}.Debug|Any CPU.Build.0 = Debug|Any CPU
		{7CE361C6-7B00-449D-AEB1-A17392279F2E}.Release|Any CPU.ActiveCfg = Release|Any CPU
		{7CE361C6-7B00-449D-AEB1-A17392279F2E}.Release|Any CPU.Build.0 = Release|Any CPU
	EndGlobalSection
	GlobalSection(SolutionProperties) = preSolution
		HideSolutionNode = FALSE
	EndGlobalSection
	GlobalSection(ExtensibilityGlobals) = postSolution
		SolutionGuid = {DD60B3F2-68E9-4AC9-B042-827BD768177B}
	EndGlobalSection
EndGlobal
